{
  "lockfileVersion": 1,
  "workspaces": {
    "": {
      "dependencies": {
        "redis": "^5.8.2",
      },
    },
  },
  "packages": {
    "@redis/bloom": ["@redis/bloom@5.8.2", "", { "peerDependencies": { "@redis/client": "^5.8.2" } }, "sha512-855DR0ChetZLarblio5eM0yLwxA9Dqq50t8StXKp5bAtLT0G+rZ+eRzzqxl37sPqQKjUudSYypz55o6nNhbz0A=="],

    "@redis/client": ["@redis/client@5.8.2", "", { "dependencies": { "cluster-key-slot": "1.1.2" } }, "sha512-WtMScno3+eBpTac1Uav2zugXEoXqaU23YznwvFgkPwBQVwEHTDgOG7uEAObtZ/Nyn8SmAMbqkEubJaMOvnqdsQ=="],

    "@redis/json": ["@redis/json@5.8.2", "", { "peerDependencies": { "@redis/client": "^5.8.2" } }, "sha512-uxpVfas3I0LccBX9rIfDgJ0dBrUa3+0Gc8sEwmQQH0vHi7C1Rx1Qn8Nv1QWz5bohoeIXMICFZRcyDONvum2l/w=="],

    "@redis/search": ["@redis/search@5.8.2", "", { "peerDependencies": { "@redis/client": "^5.8.2" } }, "sha512-cNv7HlgayavCBXqPXgaS97DRPVWFznuzsAmmuemi2TMCx5scwLiP50TeZvUS06h/MG96YNPe6A0Zt57yayfxwA=="],

    "@redis/time-series": ["@redis/time-series@5.8.2", "", { "peerDependencies": { "@redis/client": "^5.8.2" } }, "sha512-g2NlHM07fK8H4k+613NBsk3y70R2JIM2dPMSkhIjl2Z17SYvaYKdusz85d7VYOrZBWtDrHV/WD2E3vGu+zni8A=="],

    "cluster-key-slot": ["cluster-key-slot@1.1.2", "", {}, "sha512-RMr0FhtfXemyinomL4hrWcYJxmX6deFdCxpJzhDttxgO1+bcCnkk+9drydLVDmAMG7NE6aN/fl4F7ucU/90gAA=="],

    "redis": ["redis@5.8.2", "", { "dependencies": { "@redis/bloom": "5.8.2", "@redis/client": "5.8.2", "@redis/json": "5.8.2", "@redis/search": "5.8.2", "@redis/time-series": "5.8.2" } }, "sha512-31vunZj07++Y1vcFGcnNWEf5jPoTkGARgfWI4+Tk55vdwHxhAvug8VEtW7Cx+/h47NuJTEg/JL77zAwC6E0OeA=="],
  }
}
